{
  "name": "faision",
  "lockfileVersion": 3,
  "requires": true,
  "packages": {
    "": {
      "dependencies": {
        "@tosspayments/tosspayments-sdk": "^2.4.0"
      }
    },
    "node_modules/@tosspayments/tosspayments-sdk": {
      "version": "2.4.0",
      "resolved": "https://registry.npmjs.org/@tosspayments/tosspayments-sdk/-/tosspayments-sdk-2.4.0.tgz",
      "integrity": "sha512-Ljs9QCl45+mehyykPcWN2kh562Uo5a4kQIqentKvdv+YQ+yz6L2F2Kgph1vJcoQKk8vZKHckBezlmFW6MGl8Ww==",
      "license": "MIT"
    }
  }
}
